
Microsoft Visual Studio Solution File, Format Version 12.00
# Visual Studio Version 16
VisualStudioVersion = 16.0.29920.165
MinimumVisualStudioVersion = 10.0.40219.1
Project("{FAE04EC0-301F-11D3-BF4B-00C04F79EFBC}") = "CodeReviewTestApp", "CodeReviewTestApp\CodeReviewTestApp.csproj", "{9B282045-C6C2-4EE2-96DD-C02F0737D99C}"
EndProject
Global
	GlobalSection(SolutionConfigurationPlatforms) = preSolution
		Debug|Any CPU = Debug|Any CPU
		Release|Any CPU = Release|Any CPU
	EndGlobalSection
	GlobalSection(ProjectConfigurationPlatforms) = postSolution
		{9B282045-C6C2-4EE2-96DD-C02F0737D99C}.Debug|Any CPU.ActiveCfg = Debug|Any CPU
		{9B282045-C6C2-4EE2-96DD-C02F0737D99C}.Debug|Any CPU.Build.0 = Debug|Any CPU
		{9B282045-C6C2-4EE2-96DD-C02F0737D99C}.Release|Any CPU.ActiveCfg = Release|Any CPU
		{9B282045-C6C2-4EE2-96DD-C02F0737D99C}.Release|Any CPU.Build.0 = Release|Any CPU
	EndGlobalSection
	GlobalSection(SolutionProperties) = preSolution
		HideSolutionNode = FALSE
	EndGlobalSection
	GlobalSection(ExtensibilityGlobals) = postSolution
		SolutionGuid = {AB4AFC1B-25F0-4B8F-98D5-40EFBD32DC78}
	EndGlobalSection
	GlobalSection(TeamFoundationVersionControl) = preSolution
		SccNumberOfProjects = 2
		SccEnterpriseProvider = {4CA58AB2-18FA-4F8D-95D4-32DDF27D184C}
		SccTeamFoundationServer = https://alpersogukpinar.visualstudio.com/
		SccLocalPath0 = .
		SccProjectUniqueName1 = CodeReviewTestApp\\CodeReviewTestApp.csproj
		SccProjectName1 = CodeReviewTestApp
		SccLocalPath1 = CodeReviewTestApp
	EndGlobalSection
EndGlobal
